// !$*UTF8*$!
{
	archiveVersion = 1;
	classes = {
	};
	objectVersion = 56;
	objects = {

/* Begin PBXBuildFile section */
		C90540DD29DAB7D80066529F /* APIProtocols.swift in Sources */ = {isa = PBXBuildFile; fileRef = C90540DC29DAB7D80066529F /* APIProtocols.swift */; };
		C90540DF29DAB8190066529F /* WebAPIClient.swift in Sources */ = {isa = PBXBuildFile; fileRef = C90540DE29DAB8190066529F /* WebAPIClient.swift */; };
		C905412429DC2AE30066529F /* FilmListIntent.swift in Sources */ = {isa = PBXBuildFile; fileRef = C905412329DC2AE30066529F /* FilmListIntent.swift */; };
		C905FA8A29CDE0A700308593 /* ApiCaller.swift in Sources */ = {isa = PBXBuildFile; fileRef = C905FA8929CDE0A700308593 /* ApiCaller.swift */; };
		C905FA9229CDE2FA00308593 /* RawRepresentable+rawValue.swift in Sources */ = {isa = PBXBuildFile; fileRef = C905FA9129CDE2FA00308593 /* RawRepresentable+rawValue.swift */; };
		C905FA9429CDE57C00308593 /* RawRepresentable.swift in Sources */ = {isa = PBXBuildFile; fileRef = C905FA9329CDE57C00308593 /* RawRepresentable.swift */; };
		C961F35E29CD87A5003958D2 /* AppDelegate.swift in Sources */ = {isa = PBXBuildFile; fileRef = C961F35D29CD87A5003958D2 /* AppDelegate.swift */; };
		C961F36029CD87A5003958D2 /* SceneDelegate.swift in Sources */ = {isa = PBXBuildFile; fileRef = C961F35F29CD87A5003958D2 /* SceneDelegate.swift */; };
		C961F36229CD87A5003958D2 /* ViewController.swift in Sources */ = {isa = PBXBuildFile; fileRef = C961F36129CD87A5003958D2 /* ViewController.swift */; };
		C961F36729CD87A7003958D2 /* Assets.xcassets in Resources */ = {isa = PBXBuildFile; fileRef = C961F36629CD87A7003958D2 /* Assets.xcassets */; };
		C962E87429CDC7EF001A3DC7 /* TabBar.swift in Sources */ = {isa = PBXBuildFile; fileRef = C962E87329CDC7EF001A3DC7 /* TabBar.swift */; };
		C962E87829CDDD9B001A3DC7 /* APIEndpoints.swift in Sources */ = {isa = PBXBuildFile; fileRef = C962E87729CDDD9B001A3DC7 /* APIEndpoints.swift */; };
		C98A631029DD541A0032856D /* ListResponse.swift in Sources */ = {isa = PBXBuildFile; fileRef = C98A630F29DD541A0032856D /* ListResponse.swift */; };
		C98A631429DD99760032856D /* NetworkControllerType.swift in Sources */ = {isa = PBXBuildFile; fileRef = C98A631329DD99760032856D /* NetworkControllerType.swift */; };
		C98A631629DD99950032856D /* NetworkController.swift in Sources */ = {isa = PBXBuildFile; fileRef = C98A631529DD99950032856D /* NetworkController.swift */; };
		C9B0E1E429D1BDE3007EDCD5 /* FilmModel.swift in Sources */ = {isa = PBXBuildFile; fileRef = C9B0E1E329D1BDE3007EDCD5 /* FilmModel.swift */; };
		C9B0E1E629D1C0DF007EDCD5 /* UIVIew+anchors.swift in Sources */ = {isa = PBXBuildFile; fileRef = C9B0E1E529D1C0DF007EDCD5 /* UIVIew+anchors.swift */; };
		C9B0E1E929D1C523007EDCD5 /* FilmCell.swift in Sources */ = {isa = PBXBuildFile; fileRef = C9B0E1E829D1C523007EDCD5 /* FilmCell.swift */; };
		C9B0E1EB29D1C5FB007EDCD5 /* FilmViewModel.swift in Sources */ = {isa = PBXBuildFile; fileRef = C9B0E1EA29D1C5FB007EDCD5 /* FilmViewModel.swift */; };
		C9B0E1ED29D1CA95007EDCD5 /* UIImageView+Url.swift in Sources */ = {isa = PBXBuildFile; fileRef = C9B0E1EC29D1CA95007EDCD5 /* UIImageView+Url.swift */; };
/* End PBXBuildFile section */

/* Begin PBXFileReference section */
		C90540DC29DAB7D80066529F /* APIProtocols.swift */ = {isa = PBXFileReference; lastKnownFileType = sourcecode.swift; path = APIProtocols.swift; sourceTree = "<group>"; };
		C90540DE29DAB8190066529F /* WebAPIClient.swift */ = {isa = PBXFileReference; lastKnownFileType = sourcecode.swift; path = WebAPIClient.swift; sourceTree = "<group>"; };
		C905412329DC2AE30066529F /* FilmListIntent.swift */ = {isa = PBXFileReference; lastKnownFileType = sourcecode.swift; path = FilmListIntent.swift; sourceTree = "<group>"; };
		C905FA8929CDE0A700308593 /* ApiCaller.swift */ = {isa = PBXFileReference; lastKnownFileType = sourcecode.swift; path = ApiCaller.swift; sourceTree = "<group>"; };
		C905FA9129CDE2FA00308593 /* RawRepresentable+rawValue.swift */ = {isa = PBXFileReference; lastKnownFileType = sourcecode.swift; path = "RawRepresentable+rawValue.swift"; sourceTree = "<group>"; };
		C905FA9329CDE57C00308593 /* RawRepresentable.swift */ = {isa = PBXFileReference; lastKnownFileType = sourcecode.swift; path = RawRepresentable.swift; sourceTree = "<group>"; };
		C961F35A29CD87A5003958D2 /* cineReel.app */ = {isa = PBXFileReference; explicitFileType = wrapper.application; includeInIndex = 0; path = cineReel.app; sourceTree = BUILT_PRODUCTS_DIR; };
		C961F35D29CD87A5003958D2 /* AppDelegate.swift */ = {isa = PBXFileReference; lastKnownFileType = sourcecode.swift; path = AppDelegate.swift; sourceTree = "<group>"; };
		C961F35F29CD87A5003958D2 /* SceneDelegate.swift */ = {isa = PBXFileReference; lastKnownFileType = sourcecode.swift; path = SceneDelegate.swift; sourceTree = "<group>"; };
		C961F36129CD87A5003958D2 /* ViewController.swift */ = {isa = PBXFileReference; lastKnownFileType = sourcecode.swift; path = ViewController.swift; sourceTree = "<group>"; };
		C961F36629CD87A7003958D2 /* Assets.xcassets */ = {isa = PBXFileReference; lastKnownFileType = folder.assetcatalog; path = Assets.xcassets; sourceTree = "<group>"; };
		C961F36B29CD87A7003958D2 /* Info.plist */ = {isa = PBXFileReference; lastKnownFileType = text.plist.xml; path = Info.plist; sourceTree = "<group>"; };
		C962E87329CDC7EF001A3DC7 /* TabBar.swift */ = {isa = PBXFileReference; lastKnownFileType = sourcecode.swift; path = TabBar.swift; sourceTree = "<group>"; };
		C962E87729CDDD9B001A3DC7 /* APIEndpoints.swift */ = {isa = PBXFileReference; lastKnownFileType = sourcecode.swift; path = APIEndpoints.swift; sourceTree = "<group>"; };
		C98A630F29DD541A0032856D /* ListResponse.swift */ = {isa = PBXFileReference; lastKnownFileType = sourcecode.swift; path = ListResponse.swift; sourceTree = "<group>"; };
		C98A631329DD99760032856D /* NetworkControllerType.swift */ = {isa = PBXFileReference; lastKnownFileType = sourcecode.swift; path = NetworkControllerType.swift; sourceTree = "<group>"; };
		C98A631529DD99950032856D /* NetworkController.swift */ = {isa = PBXFileReference; lastKnownFileType = sourcecode.swift; path = NetworkController.swift; sourceTree = "<group>"; };
		C9B0E1E329D1BDE3007EDCD5 /* FilmModel.swift */ = {isa = PBXFileReference; lastKnownFileType = sourcecode.swift; path = FilmModel.swift; sourceTree = "<group>"; };
		C9B0E1E529D1C0DF007EDCD5 /* UIVIew+anchors.swift */ = {isa = PBXFileReference; lastKnownFileType = sourcecode.swift; path = "UIVIew+anchors.swift"; sourceTree = "<group>"; };
		C9B0E1E829D1C523007EDCD5 /* FilmCell.swift */ = {isa = PBXFileReference; lastKnownFileType = sourcecode.swift; path = FilmCell.swift; sourceTree = "<group>"; };
		C9B0E1EA29D1C5FB007EDCD5 /* FilmViewModel.swift */ = {isa = PBXFileReference; lastKnownFileType = sourcecode.swift; path = FilmViewModel.swift; sourceTree = "<group>"; };
		C9B0E1EC29D1CA95007EDCD5 /* UIImageView+Url.swift */ = {isa = PBXFileReference; lastKnownFileType = sourcecode.swift; path = "UIImageView+Url.swift"; sourceTree = "<group>"; };
/* End PBXFileReference section */

/* Begin PBXFrameworksBuildPhase section */
		C961F35729CD87A5003958D2 /* Frameworks */ = {
			isa = PBXFrameworksBuildPhase;
			buildActionMask = 2147483647;
			files = (
			);
			runOnlyForDeploymentPostprocessing = 0;
		};
/* End PBXFrameworksBuildPhase section */

/* Begin PBXGroup section */
		C905412229DC2A8F0066529F /* Intents */ = {
			isa = PBXGroup;
			children = (
				C905412329DC2AE30066529F /* FilmListIntent.swift */,
			);
			name = Intents;
			sourceTree = "<group>";
		};
		C905FA8B29CDE1C200308593 /* Models */ = {
			isa = PBXGroup;
			children = (
				C98A631229DD72680032856D /* trash */,
				C98A630F29DD541A0032856D /* ListResponse.swift */,
			);
			path = Models;
			sourceTree = "<group>";
		};
		C905FA8C29CDE1DC00308593 /* Network */ = {
			isa = PBXGroup;
			children = (
				C962E87729CDDD9B001A3DC7 /* APIEndpoints.swift */,
				C905FA8929CDE0A700308593 /* ApiCaller.swift */,
				C90540DC29DAB7D80066529F /* APIProtocols.swift */,
				C90540DE29DAB8190066529F /* WebAPIClient.swift */,
				C98A631329DD99760032856D /* NetworkControllerType.swift */,
				C98A631529DD99950032856D /* NetworkController.swift */,
			);
			path = Network;
			sourceTree = "<group>";
		};
		C905FA8F29CDE1F800308593 /* Views */ = {
			isa = PBXGroup;
			children = (
				C961F36129CD87A5003958D2 /* ViewController.swift */,
				C9B0E1E829D1C523007EDCD5 /* FilmCell.swift */,
				C962E87329CDC7EF001A3DC7 /* TabBar.swift */,
			);
			name = Views;
			sourceTree = "<group>";
		};
		C905FA9029CDE2BE00308593 /* Extensions */ = {
			isa = PBXGroup;
			children = (
				C9B0E1E529D1C0DF007EDCD5 /* UIVIew+anchors.swift */,
				C9B0E1EC29D1CA95007EDCD5 /* UIImageView+Url.swift */,
				C905FA9129CDE2FA00308593 /* RawRepresentable+rawValue.swift */,
				C905FA9329CDE57C00308593 /* RawRepresentable.swift */,
			);
			name = Extensions;
			sourceTree = "<group>";
		};
		C961F35129CD87A5003958D2 = {
			isa = PBXGroup;
			children = (
				C961F35C29CD87A5003958D2 /* cineReel */,
				C961F35B29CD87A5003958D2 /* Products */,
			);
			sourceTree = "<group>";
		};
		C961F35B29CD87A5003958D2 /* Products */ = {
			isa = PBXGroup;
			children = (
				C961F35A29CD87A5003958D2 /* cineReel.app */,
			);
			name = Products;
			sourceTree = "<group>";
		};
		C961F35C29CD87A5003958D2 /* cineReel */ = {
			isa = PBXGroup;
			children = (
				C9B0E1E729D1C1A5007EDCD5 /* Support */,
				C905FA9029CDE2BE00308593 /* Extensions */,
				C905FA8C29CDE1DC00308593 /* Network */,
				C905FA8F29CDE1F800308593 /* Views */,
				C98A631129DD72210032856D /* States */,
				C905FA8B29CDE1C200308593 /* Models */,
				C905412229DC2A8F0066529F /* Intents */,
			);
			path = cineReel;
			sourceTree = "<group>";
		};
		C98A631129DD72210032856D /* States */ = {
			isa = PBXGroup;
			children = (
			);
			path = States;
			sourceTree = "<group>";
		};
		C98A631229DD72680032856D /* trash */ = {
			isa = PBXGroup;
			children = (
				C9B0E1EA29D1C5FB007EDCD5 /* FilmViewModel.swift */,
				C9B0E1E329D1BDE3007EDCD5 /* FilmModel.swift */,
			);
			path = trash;
			sourceTree = "<group>";
		};
		C9B0E1E729D1C1A5007EDCD5 /* Support */ = {
			isa = PBXGroup;
			children = (
				C961F35D29CD87A5003958D2 /* AppDelegate.swift */,
				C961F35F29CD87A5003958D2 /* SceneDelegate.swift */,
				C961F36629CD87A7003958D2 /* Assets.xcassets */,
				C961F36B29CD87A7003958D2 /* Info.plist */,
			);
			name = Support;
			sourceTree = "<group>";
		};
/* End PBXGroup section */

/* Begin PBXNativeTarget section */
		C961F35929CD87A5003958D2 /* cineReel */ = {
			isa = PBXNativeTarget;
			buildConfigurationList = C961F36E29CD87A7003958D2 /* Build configuration list for PBXNativeTarget "cineReel" */;
			buildPhases = (
				C961F35629CD87A5003958D2 /* Sources */,
				C961F35729CD87A5003958D2 /* Frameworks */,
				C961F35829CD87A5003958D2 /* Resources */,
			);
			buildRules = (
			);
			dependencies = (
			);
			name = cineReel;
			productName = cineReel;
			productReference = C961F35A29CD87A5003958D2 /* cineReel.app */;
			productType = "com.apple.product-type.application";
		};
/* End PBXNativeTarget section */

/* Begin PBXProject section */
		C961F35229CD87A5003958D2 /* Project object */ = {
			isa = PBXProject;
			attributes = {
				BuildIndependentTargetsInParallel = 1;
				LastSwiftUpdateCheck = 1400;
				LastUpgradeCheck = 1400;
				TargetAttributes = {
					C961F35929CD87A5003958D2 = {
						CreatedOnToolsVersion = 14.0.1;
					};
				};
			};
			buildConfigurationList = C961F35529CD87A5003958D2 /* Build configuration list for PBXProject "cineReel" */;
			compatibilityVersion = "Xcode 14.0";
			developmentRegion = en;
			hasScannedForEncodings = 0;
			knownRegions = (
				en,
				Base,
			);
			mainGroup = C961F35129CD87A5003958D2;
			productRefGroup = C961F35B29CD87A5003958D2 /* Products */;
			projectDirPath = "";
			projectRoot = "";
			targets = (
				C961F35929CD87A5003958D2 /* cineReel */,
			);
		};
/* End PBXProject section */

/* Begin PBXResourcesBuildPhase section */
		C961F35829CD87A5003958D2 /* Resources */ = {
			isa = PBXResourcesBuildPhase;
			buildActionMask = 2147483647;
			files = (
				C961F36729CD87A7003958D2 /* Assets.xcassets in Resources */,
			);
			runOnlyForDeploymentPostprocessing = 0;
		};
/* End PBXResourcesBuildPhase section */

/* Begin PBXSourcesBuildPhase section */
		C961F35629CD87A5003958D2 /* Sources */ = {
			isa = PBXSourcesBuildPhase;
			buildActionMask = 2147483647;
			files = (
				C98A631029DD541A0032856D /* ListResponse.swift in Sources */,
				C98A631629DD99950032856D /* NetworkController.swift in Sources */,
				C962E87829CDDD9B001A3DC7 /* APIEndpoints.swift in Sources */,
				C9B0E1E629D1C0DF007EDCD5 /* UIVIew+anchors.swift in Sources */,
				C905412429DC2AE30066529F /* FilmListIntent.swift in Sources */,
				C98A631429DD99760032856D /* NetworkControllerType.swift in Sources */,
				C90540DD29DAB7D80066529F /* APIProtocols.swift in Sources */,
				C90540DF29DAB8190066529F /* WebAPIClient.swift in Sources */,
				C961F36229CD87A5003958D2 /* ViewController.swift in Sources */,
				C961F35E29CD87A5003958D2 /* AppDelegate.swift in Sources */,
				C905FA9429CDE57C00308593 /* RawRepresentable.swift in Sources */,
				C961F36029CD87A5003958D2 /* SceneDelegate.swift in Sources */,
				C9B0E1EB29D1C5FB007EDCD5 /* FilmViewModel.swift in Sources */,
				C962E87429CDC7EF001A3DC7 /* TabBar.swift in Sources */,
				C905FA8A29CDE0A700308593 /* ApiCaller.swift in Sources */,
				C9B0E1ED29D1CA95007EDCD5 /* UIImageView+Url.swift in Sources */,
				C9B0E1E429D1BDE3007EDCD5 /* FilmModel.swift in Sources */,
				C905FA9229CDE2FA00308593 /* RawRepresentable+rawValue.swift in Sources */,
				C9B0E1E929D1C523007EDCD5 /* FilmCell.swift in Sources */,
			);
			runOnlyForDeploymentPostprocessing = 0;
		};
/* End PBXSourcesBuildPhase section */

/* Begin XCBuildConfiguration section */
		C961F36C29CD87A7003958D2 /* Debug */ = {
			isa = XCBuildConfiguration;
			buildSettings = {
				ALWAYS_SEARCH_USER_PATHS = NO;
				CLANG_ANALYZER_NONNULL = YES;
				CLANG_ANALYZER_NUMBER_OBJECT_CONVERSION = YES_AGGRESSIVE;
				CLANG_CXX_LANGUAGE_STANDARD = "gnu++20";
				CLANG_ENABLE_MODULES = YES;
				CLANG_ENABLE_OBJC_ARC = YES;
				CLANG_ENABLE_OBJC_WEAK = YES;
				CLANG_WARN_BLOCK_CAPTURE_AUTORELEASING = YES;
				CLANG_WARN_BOOL_CONVERSION = YES;
				CLANG_WARN_COMMA = YES;
				CLANG_WARN_CONSTANT_CONVERSION = YES;
				CLANG_WARN_DEPRECATED_OBJC_IMPLEMENTATIONS = YES;
				CLANG_WARN_DIRECT_OBJC_ISA_USAGE = YES_ERROR;
				CLANG_WARN_DOCUMENTATION_COMMENTS = YES;
				CLANG_WARN_EMPTY_BODY = YES;
				CLANG_WARN_ENUM_CONVERSION = YES;
				CLANG_WARN_INFINITE_RECURSION = YES;
				CLANG_WARN_INT_CONVERSION = YES;
				CLANG_WARN_NON_LITERAL_NULL_CONVERSION = YES;
				CLANG_WARN_OBJC_IMPLICIT_RETAIN_SELF = YES;
				CLANG_WARN_OBJC_LITERAL_CONVERSION = YES;
				CLANG_WARN_OBJC_ROOT_CLASS = YES_ERROR;
				CLANG_WARN_QUOTED_INCLUDE_IN_FRAMEWORK_HEADER = YES;
				CLANG_WARN_RANGE_LOOP_ANALYSIS = YES;
				CLANG_WARN_STRICT_PROTOTYPES = YES;
				CLANG_WARN_SUSPICIOUS_MOVE = YES;
				CLANG_WARN_UNGUARDED_AVAILABILITY = YES_AGGRESSIVE;
				CLANG_WARN_UNREACHABLE_CODE = YES;
				CLANG_WARN__DUPLICATE_METHOD_MATCH = YES;
				COPY_PHASE_STRIP = NO;
				DEBUG_INFORMATION_FORMAT = dwarf;
				ENABLE_STRICT_OBJC_MSGSEND = YES;
				ENABLE_TESTABILITY = YES;
				GCC_C_LANGUAGE_STANDARD = gnu11;
				GCC_DYNAMIC_NO_PIC = NO;
				GCC_NO_COMMON_BLOCKS = YES;
				GCC_OPTIMIZATION_LEVEL = 0;
				GCC_PREPROCESSOR_DEFINITIONS = (
					"DEBUG=1",
					"$(inherited)",
				);
				GCC_WARN_64_TO_32_BIT_CONVERSION = YES;
				GCC_WARN_ABOUT_RETURN_TYPE = YES_ERROR;
				GCC_WARN_UNDECLARED_SELECTOR = YES;
				GCC_WARN_UNINITIALIZED_AUTOS = YES_AGGRESSIVE;
				GCC_WARN_UNUSED_FUNCTION = YES;
				GCC_WARN_UNUSED_VARIABLE = YES;
				IPHONEOS_DEPLOYMENT_TARGET = 16.0;
				MTL_ENABLE_DEBUG_INFO = INCLUDE_SOURCE;
				MTL_FAST_MATH = YES;
				ONLY_ACTIVE_ARCH = YES;
				SDKROOT = iphoneos;
				SWIFT_ACTIVE_COMPILATION_CONDITIONS = DEBUG;
				SWIFT_OPTIMIZATION_LEVEL = "-Onone";
			};
			name = Debug;
		};
		C961F36D29CD87A7003958D2 /* Release */ = {
			isa = XCBuildConfiguration;
			buildSettings = {
				ALWAYS_SEARCH_USER_PATHS = NO;
				CLANG_ANALYZER_NONNULL = YES;
				CLANG_ANALYZER_NUMBER_OBJECT_CONVERSION = YES_AGGRESSIVE;
				CLANG_CXX_LANGUAGE_STANDARD = "gnu++20";
				CLANG_ENABLE_MODULES = YES;
				CLANG_ENABLE_OBJC_ARC = YES;
				CLANG_ENABLE_OBJC_WEAK = YES;
				CLANG_WARN_BLOCK_CAPTURE_AUTORELEASING = YES;
				CLANG_WARN_BOOL_CONVERSION = YES;
				CLANG_WARN_COMMA = YES;
				CLANG_WARN_CONSTANT_CONVERSION = YES;
				CLANG_WARN_DEPRECATED_OBJC_IMPLEMENTATIONS = YES;
				CLANG_WARN_DIRECT_OBJC_ISA_USAGE = YES_ERROR;
				CLANG_WARN_DOCUMENTATION_COMMENTS = YES;
				CLANG_WARN_EMPTY_BODY = YES;
				CLANG_WARN_ENUM_CONVERSION = YES;
				CLANG_WARN_INFINITE_RECURSION = YES;
				CLANG_WARN_INT_CONVERSION = YES;
				CLANG_WARN_NON_LITERAL_NULL_CONVERSION = YES;
				CLANG_WARN_OBJC_IMPLICIT_RETAIN_SELF = YES;
				CLANG_WARN_OBJC_LITERAL_CONVERSION = YES;
				CLANG_WARN_OBJC_ROOT_CLASS = YES_ERROR;
				CLANG_WARN_QUOTED_INCLUDE_IN_FRAMEWORK_HEADER = YES;
				CLANG_WARN_RANGE_LOOP_ANALYSIS = YES;
				CLANG_WARN_STRICT_PROTOTYPES = YES;
				CLANG_WARN_SUSPICIOUS_MOVE = YES;
				CLANG_WARN_UNGUARDED_AVAILABILITY = YES_AGGRESSIVE;
				CLANG_WARN_UNREACHABLE_CODE = YES;
				CLANG_WARN__DUPLICATE_METHOD_MATCH = YES;
				COPY_PHASE_STRIP = NO;
				DEBUG_INFORMATION_FORMAT = "dwarf-with-dsym";
				ENABLE_NS_ASSERTIONS = NO;
				ENABLE_STRICT_OBJC_MSGSEND = YES;
				GCC_C_LANGUAGE_STANDARD = gnu11;
				GCC_NO_COMMON_BLOCKS = YES;
				GCC_WARN_64_TO_32_BIT_CONVERSION = YES;
				GCC_WARN_ABOUT_RETURN_TYPE = YES_ERROR;
				GCC_WARN_UNDECLARED_SELECTOR = YES;
				GCC_WARN_UNINITIALIZED_AUTOS = YES_AGGRESSIVE;
				GCC_WARN_UNUSED_FUNCTION = YES;
				GCC_WARN_UNUSED_VARIABLE = YES;
				IPHONEOS_DEPLOYMENT_TARGET = 16.0;
				MTL_ENABLE_DEBUG_INFO = NO;
				MTL_FAST_MATH = YES;
				SDKROOT = iphoneos;
				SWIFT_COMPILATION_MODE = wholemodule;
				SWIFT_OPTIMIZATION_LEVEL = "-O";
				VALIDATE_PRODUCT = YES;
			};
			name = Release;
		};
		C961F36F29CD87A7003958D2 /* Debug */ = {
			isa = XCBuildConfiguration;
			buildSettings = {
				ASSETCATALOG_COMPILER_APPICON_NAME = AppIcon;
				ASSETCATALOG_COMPILER_GLOBAL_ACCENT_COLOR_NAME = AccentColor;
				CODE_SIGN_STYLE = Automatic;
				CURRENT_PROJECT_VERSION = 1;
				DEVELOPMENT_TEAM = 6ZBBJJ3996;
				GENERATE_INFOPLIST_FILE = YES;
				INFOPLIST_FILE = cineReel/Info.plist;
				INFOPLIST_KEY_UIApplicationSupportsIndirectInputEvents = YES;
				INFOPLIST_KEY_UILaunchStoryboardName = LaunchScreen;
				INFOPLIST_KEY_UISupportedInterfaceOrientations_iPad = "UIInterfaceOrientationPortrait UIInterfaceOrientationPortraitUpsideDown UIInterfaceOrientationLandscapeLeft UIInterfaceOrientationLandscapeRight";
				INFOPLIST_KEY_UISupportedInterfaceOrientations_iPhone = "UIInterfaceOrientationPortrait UIInterfaceOrientationLandscapeLeft UIInterfaceOrientationLandscapeRight";
				LD_RUNPATH_SEARCH_PATHS = (
					"$(inherited)",
					"@executable_path/Frameworks",
				);
				MARKETING_VERSION = 1.0;
				PRODUCT_BUNDLE_IDENTIFIER = com.CEZ.cineReel;
				PRODUCT_NAME = "$(TARGET_NAME)";
				SWIFT_EMIT_LOC_STRINGS = YES;
				SWIFT_VERSION = 5.0;
				TARGETED_DEVICE_FAMILY = "1,2";
			};
			name = Debug;
		};
		C961F37029CD87A7003958D2 /* Release */ = {
			isa = XCBuildConfiguration;
			buildSettings = {
				ASSETCATALOG_COMPILER_APPICON_NAME = AppIcon;
				ASSETCATALOG_COMPILER_GLOBAL_ACCENT_COLOR_NAME = AccentColor;
				CODE_SIGN_STYLE = Automatic;
				CURRENT_PROJECT_VERSION = 1;
				DEVELOPMENT_TEAM = 6ZBBJJ3996;
				GENERATE_INFOPLIST_FILE = YES;
				INFOPLIST_FILE = cineReel/Info.plist;
				INFOPLIST_KEY_UIApplicationSupportsIndirectInputEvents = YES;
				INFOPLIST_KEY_UILaunchStoryboardName = LaunchScreen;
				INFOPLIST_KEY_UISupportedInterfaceOrientations_iPad = "UIInterfaceOrientationPortrait UIInterfaceOrientationPortraitUpsideDown UIInterfaceOrientationLandscapeLeft UIInterfaceOrientationLandscapeRight";
				INFOPLIST_KEY_UISupportedInterfaceOrientations_iPhone = "UIInterfaceOrientationPortrait UIInterfaceOrientationLandscapeLeft UIInterfaceOrientationLandscapeRight";
				LD_RUNPATH_SEARCH_PATHS = (
					"$(inherited)",
					"@executable_path/Frameworks",
				);
				MARKETING_VERSION = 1.0;
				PRODUCT_BUNDLE_IDENTIFIER = com.CEZ.cineReel;
				PRODUCT_NAME = "$(TARGET_NAME)";
				SWIFT_EMIT_LOC_STRINGS = YES;
				SWIFT_VERSION = 5.0;
				TARGETED_DEVICE_FAMILY = "1,2";
			};
			name = Release;
		};
/* End XCBuildConfiguration section */

/* Begin XCConfigurationList section */
		C961F35529CD87A5003958D2 /* Build configuration list for PBXProject "cineReel" */ = {
			isa = XCConfigurationList;
			buildConfigurations = (
				C961F36C29CD87A7003958D2 /* Debug */,
				C961F36D29CD87A7003958D2 /* Release */,
			);
			defaultConfigurationIsVisible = 0;
			defaultConfigurationName = Release;
		};
		C961F36E29CD87A7003958D2 /* Build configuration list for PBXNativeTarget "cineReel" */ = {
			isa = XCConfigurationList;
			buildConfigurations = (
				C961F36F29CD87A7003958D2 /* Debug */,
				C961F37029CD87A7003958D2 /* Release */,
			);
			defaultConfigurationIsVisible = 0;
			defaultConfigurationName = Release;
		};
/* End XCConfigurationList section */
	};
	rootObject = C961F35229CD87A5003958D2 /* Project object */;
}
